<?xml version="1.0" encoding="utf-8"?>
<Project ToolsVersion="4.0" xmlns="http://schemas.microsoft.com/developer/msbuild/2003">
  <ItemGroup>
    <ClCompile Include="pch.cpp" />
    <ClCompile Include="vector3_func_test.cpp">
      <Filter>Common\Math\Vector</Filter>
    </ClCompile>
    <ClCompile Include="vector3_arithmetic_operator_test.cpp">
      <Filter>Common\Math\Vector</Filter>
    </ClCompile>
    <ClCompile Include="line_segment2_test.cpp">
      <Filter>Common\Math\Vector</Filter>
    </ClCompile>
    <ClCompile Include="vector2_arithmetic_operator_test.cpp">
      <Filter>Common\Math\Vector</Filter>
    </ClCompile>
    <ClCompile Include="vector2_unary_operator_test.cpp">
      <Filter>Common\Math\Vector</Filter>
    </ClCompile>
    <ClCompile Include="polygon2_func_test.cpp">
      <Filter>Common\Math\Vector</Filter>
    </ClCompile>
    <ClCompile Include="vector2_func_test.cpp">
      <Filter>Common\Math\Vector</Filter>
    </ClCompile>
    <ClCompile Include="polygon2_is_inside_test.cpp">
      <Filter>Common\Math\Vector</Filter>
    </ClCompile>
    <ClCompile Include="polygon2_const_func_test.cpp">
      <Filter>Common\Math\Vector</Filter>
    </ClCompile>
    <ClCompile Include="math_util_test.cpp">
      <Filter>Common\Math</Filter>
    </ClCompile>
    <ClCompile Include="vector3_test.cpp">
      <Filter>Common\Math\Vector</Filter>
    </ClCompile>
    <ClCompile Include="stopwatch_test.cpp">
      <Filter>Common</Filter>
    </ClCompile>
    <ClCompile Include="vector3_comparison_operator_test.cpp">
      <Filter>Common\Math\Vector</Filter>
    </ClCompile>
    <ClCompile Include="vector3_unary_operator_test.cpp">
      <Filter>Common\Math\Vector</Filter>
    </ClCompile>
    <ClCompile Include="vector2_test.cpp">
      <Filter>Common\Math\Vector</Filter>
    </ClCompile>
    <ClCompile Include="asyncable_data_test.cpp">
      <Filter>Common</Filter>
    </ClCompile>
    <ClCompile Include="asyncable_data_vector_test.cpp">
      <Filter>Common</Filter>
    </ClCompile>
    <ClCompile Include="leg_func_ground_test.cpp">
      <Filter>Node\LegState</Filter>
    </ClCompile>
    <ClCompile Include="leg_func_test.cpp">
      <Filter>Node\LegState</Filter>
    </ClCompile>
    <ClCompile Include="line_segment2_func_test.cpp">
      <Filter>Common\Math\Vector</Filter>
    </ClCompile>
    <ClCompile Include="line_segment2_operator_test.cpp">
      <Filter>Common\Math\Vector</Filter>
    </ClCompile>
    <ClCompile Include="vector2_comparison_operator_test.cpp">
      <Filter>Common\Math\Vector</Filter>
    </ClCompile>
    <ClCompile Include="leg_func_change_test.cpp">
      <Filter>Node\LegState</Filter>
    </ClCompile>
    <ClCompile Include="com_move_node_creator_hato_test.cpp">
      <Filter>Node\NodeCreator</Filter>
    </ClCompile>
    <ClCompile Include="leg_hierarchy_node_creator_test.cpp">
      <Filter>Node\NodeCreator</Filter>
    </ClCompile>
    <ClCompile Include="math_util_random_test.cpp">
      <Filter>Common\Math</Filter>
    </ClCompile>
    <ClCompile Include="cmdio_util_test.cpp">
      <Filter>Common\CommandIO</Filter>
    </ClCompile>
  </ItemGroup>
  <ItemGroup>
    <ClInclude Include="pch.h" />
  </ItemGroup>
  <ItemGroup>
    <Filter Include="Common">
      <UniqueIdentifier>{4e18505b-c799-4a3d-ab15-1f328ff8290c}</UniqueIdentifier>
    </Filter>
    <Filter Include="Common\Math">
      <UniqueIdentifier>{3ef40a76-f474-450a-815d-63ae5493ae6b}</UniqueIdentifier>
    </Filter>
    <Filter Include="Common\Math\Vector">
      <UniqueIdentifier>{6af5b4c4-b496-4759-b698-38b3cd0491f0}</UniqueIdentifier>
    </Filter>
    <Filter Include="Node">
      <UniqueIdentifier>{fdf9a820-1125-49a3-a0a4-7b3a51b11273}</UniqueIdentifier>
    </Filter>
    <Filter Include="Node\LegState">
      <UniqueIdentifier>{5f19d473-30be-42a0-873c-27689b00bfff}</UniqueIdentifier>
    </Filter>
    <Filter Include="Node\NodeCreator">
      <UniqueIdentifier>{3722a6c9-7bf5-4a20-b0c1-c49a22c20313}</UniqueIdentifier>
    </Filter>
    <Filter Include="Common\Math\Rot">
      <UniqueIdentifier>{e0e230ee-62e8-4d66-a99e-be1d24810f36}</UniqueIdentifier>
    </Filter>
    <Filter Include="Common\CommandIO">
      <UniqueIdentifier>{a8cd1c27-0a7b-4486-ba73-2e40b29eece1}</UniqueIdentifier>
    </Filter>
  </ItemGroup>
  <ItemGroup>
    <None Include="packages.config" />
  </ItemGroup>
</Project>