<?xml version="1.0" encoding="utf-8"?>
<Project ToolsVersion="4.0" xmlns="http://schemas.microsoft.com/developer/msbuild/2003">
  <ItemGroup>
    <ClCompile Include="pch.cpp" />
    <ClCompile Include="SVectorFuncTest.cpp">
      <Filter>my_vec</Filter>
    </ClCompile>
    <ClCompile Include="SVectorTest.cpp">
      <Filter>my_vec</Filter>
    </ClCompile>
    <ClCompile Include="MyMathTest.cpp" />
    <ClCompile Include="SLineFuncTest.cpp">
      <Filter>my_vec</Filter>
    </ClCompile>
    <ClCompile Include="SVector2ArithmeticOperatorTest.cpp">
      <Filter>my_vec</Filter>
    </ClCompile>
    <ClCompile Include="SVector2UnaryOperatorTest.cpp">
      <Filter>my_vec</Filter>
    </ClCompile>
    <ClCompile Include="SPolygonTest.cpp">
      <Filter>my_vec</Filter>
    </ClCompile>
    <ClCompile Include="SVector2FuncTest.cpp">
      <Filter>my_vec</Filter>
    </ClCompile>
    <ClCompile Include="LegStateTest.cpp">
      <Filter>LegState</Filter>
    </ClCompile>
    <ClCompile Include="LegStateMakeLegStateTest.cpp">
      <Filter>LegState</Filter>
    </ClCompile>
    <ClCompile Include="SPolygonIsInsideTest.cpp">
      <Filter>my_vec</Filter>
    </ClCompile>
    <ClCompile Include="LegStateIsGroundTest.cpp">
      <Filter>LegState\Ground</Filter>
    </ClCompile>
    <ClCompile Include="LegStateGetGroundNum.cpp">
      <Filter>LegState\Ground</Filter>
    </ClCompile>
    <ClCompile Include="LegStateGetGroundLegTest.cpp">
      <Filter>LegState\Ground</Filter>
    </ClCompile>
    <ClCompile Include="LegStateGetUpDownCountTest.cpp">
      <Filter>LegState\Ground</Filter>
    </ClCompile>
    <ClCompile Include="SPolygonMaxMinTest.cpp">
      <Filter>my_vec</Filter>
    </ClCompile>
  </ItemGroup>
  <ItemGroup>
    <ClInclude Include="pch.h" />
  </ItemGroup>
  <ItemGroup>
    <Filter Include="my_vec">
      <UniqueIdentifier>{6af5b4c4-b496-4759-b698-38b3cd0491f0}</UniqueIdentifier>
    </Filter>
    <Filter Include="com_type">
      <UniqueIdentifier>{0e31f8b6-bec5-4077-954b-5edc5a75edbf}</UniqueIdentifier>
    </Filter>
    <Filter Include="LegState">
      <UniqueIdentifier>{5f19d473-30be-42a0-873c-27689b00bfff}</UniqueIdentifier>
    </Filter>
    <Filter Include="LegState\Ground">
      <UniqueIdentifier>{6290727c-da48-408b-89e6-26f233dd40e9}</UniqueIdentifier>
    </Filter>
  </ItemGroup>
  <ItemGroup>
    <None Include="packages.config" />
  </ItemGroup>
</Project>