<?xml version="1.0" encoding="utf-8"?>
<Project ToolsVersion="4.0" xmlns="http://schemas.microsoft.com/developer/msbuild/2003">
  <ItemGroup>
    <Filter Include="ソース ファイル">
      <UniqueIdentifier>{4FC737F1-C7A5-4376-A066-2A32D752A2FF}</UniqueIdentifier>
      <Extensions>cpp;c;cc;cxx;c++;cppm;ixx;def;odl;idl;hpj;bat;asm;asmx</Extensions>
    </Filter>
    <Filter Include="ヘッダー ファイル">
      <UniqueIdentifier>{93995380-89BD-4b04-88EB-625FBE52EBFB}</UniqueIdentifier>
      <Extensions>h;hh;hpp;hxx;h++;hm;inl;inc;ipp;xsd</Extensions>
    </Filter>
    <Filter Include="リソース ファイル">
      <UniqueIdentifier>{67DA6AB6-F800-4c08-8B7A-83BB121AAD01}</UniqueIdentifier>
      <Extensions>rc;ico;cur;bmp;dlg;rc2;rct;bin;rgs;gif;jpg;jpeg;jpe;resx;tiff;tif;png;wav;mfcribbon-ms</Extensions>
    </Filter>
    <Filter Include="ソース ファイル\Common">
      <UniqueIdentifier>{abdfdf39-b790-4b8d-882b-014efbb3c240}</UniqueIdentifier>
    </Filter>
    <Filter Include="ソース ファイル\walking_pattern">
      <UniqueIdentifier>{91e531ac-e200-40d2-936c-cd0b20117d07}</UniqueIdentifier>
    </Filter>
    <Filter Include="ソース ファイル\walking_pattern\Sin">
      <UniqueIdentifier>{38117e6f-0767-4424-8084-ea550c77144a}</UniqueIdentifier>
    </Filter>
    <Filter Include="ソース ファイル\phantomX">
      <UniqueIdentifier>{39493255-5b06-4c98-80e6-cfc66f595f30}</UniqueIdentifier>
    </Filter>
    <Filter Include="ソース ファイル\Hexapod">
      <UniqueIdentifier>{e6718033-9dd2-4cc9-94c3-f4dff54cca6d}</UniqueIdentifier>
    </Filter>
    <Filter Include="ソース ファイル\Common\FileIO">
      <UniqueIdentifier>{c3a615e3-7f3c-4f90-a4ed-bc6bc201f418}</UniqueIdentifier>
    </Filter>
    <Filter Include="ソース ファイル\Map">
      <UniqueIdentifier>{834c5fe4-5734-49b7-a240-5af752a32aac}</UniqueIdentifier>
    </Filter>
    <Filter Include="ソース ファイル\Hexapod\Common">
      <UniqueIdentifier>{5d2a3518-4270-4b4b-8180-2b681ea74da1}</UniqueIdentifier>
    </Filter>
    <Filter Include="ソース ファイル\Map\Common">
      <UniqueIdentifier>{4cbf193f-9b99-4485-b951-d73d36506f65}</UniqueIdentifier>
    </Filter>
    <Filter Include="ソース ファイル\Node">
      <UniqueIdentifier>{b124c590-c0f6-4d4f-a8e8-9277ec9952a6}</UniqueIdentifier>
    </Filter>
    <Filter Include="ソース ファイル\Node\NodeCreator">
      <UniqueIdentifier>{33a12a61-307b-4f44-be6c-797f8141ec5f}</UniqueIdentifier>
    </Filter>
    <Filter Include="ソース ファイル\Node\CenterOfMass">
      <UniqueIdentifier>{9e53a133-1381-4a6b-a2d3-780dcb9a3771}</UniqueIdentifier>
    </Filter>
    <Filter Include="ソース ファイル\Node\LegState">
      <UniqueIdentifier>{2500ddaa-0eac-4e3a-8940-26819bea1d61}</UniqueIdentifier>
    </Filter>
    <Filter Include="ソース ファイル\GraphSearchSystem">
      <UniqueIdentifier>{13719d39-0b92-44e4-8baa-fc8465850973}</UniqueIdentifier>
    </Filter>
    <Filter Include="ソース ファイル\GraphSearchSystem\GraphSearcher">
      <UniqueIdentifier>{b9e67fed-a42e-48be-924d-7cab4b56dce8}</UniqueIdentifier>
    </Filter>
    <Filter Include="ソース ファイル\GraphSearchSystem\GraphTreeCreator">
      <UniqueIdentifier>{1e2610e7-46a4-473e-a99b-6b1a4b054099}</UniqueIdentifier>
    </Filter>
    <Filter Include="ソース ファイル\GraphicSystem">
      <UniqueIdentifier>{2ba269c9-763e-445d-ab88-dd39cb76f2e1}</UniqueIdentifier>
    </Filter>
    <Filter Include="ソース ファイル\GraphicSystem\Main">
      <UniqueIdentifier>{cf849e47-1672-4375-881b-671d39bebf14}</UniqueIdentifier>
    </Filter>
    <Filter Include="ソース ファイル\GraphicSystem\Common">
      <UniqueIdentifier>{a651eeb8-05bc-4d75-8d27-a249cfbe51a8}</UniqueIdentifier>
    </Filter>
    <Filter Include="ソース ファイル\GraphicSystem\Render3D">
      <UniqueIdentifier>{f3d51702-5a31-4cf7-8353-879d6ef35141}</UniqueIdentifier>
    </Filter>
    <Filter Include="ソース ファイル\GraphSearchSystem\GraphTreeCreator\Interface">
      <UniqueIdentifier>{2ad2045b-b61b-481b-b844-38fceaac38d5}</UniqueIdentifier>
    </Filter>
    <Filter Include="ソース ファイル\GraphSearchSystem\Interface">
      <UniqueIdentifier>{87bf686e-8697-4f3e-bc3e-8afde531cb04}</UniqueIdentifier>
    </Filter>
  </ItemGroup>
  <ItemGroup>
    <ClInclude Include="hexapod.h">
      <Filter>ソース ファイル\Hexapod</Filter>
    </ClInclude>
    <ClInclude Include="S_NE.h">
      <Filter>ソース ファイル</Filter>
    </ClInclude>
    <ClInclude Include="MyVector.h">
      <Filter>ソース ファイル\Common</Filter>
    </ClInclude>
    <ClInclude Include="functionPassFinding.h">
      <Filter>ソース ファイル\walking_pattern</Filter>
    </ClInclude>
    <ClInclude Include="BFSinHierarchy.h">
      <Filter>ソース ファイル\walking_pattern\Sin</Filter>
    </ClInclude>
    <ClInclude Include="phantomxCommander.h">
      <Filter>ソース ファイル\phantomX</Filter>
    </ClInclude>
    <ClInclude Include="TimeManager.h">
      <Filter>ソース ファイル\phantomX</Filter>
    </ClInclude>
    <ClInclude Include="Define.h">
      <Filter>ソース ファイル\Common</Filter>
    </ClInclude>
    <ClInclude Include="CmdIO.h">
      <Filter>ソース ファイル\Common</Filter>
    </ClInclude>
    <ClInclude Include="SimulateResult.h">
      <Filter>ソース ファイル\Common</Filter>
    </ClInclude>
    <ClInclude Include="TimeFileIO.h">
      <Filter>ソース ファイル\Common\FileIO</Filter>
    </ClInclude>
    <ClInclude Include="LogFileIO.h">
      <Filter>ソース ファイル\Common\FileIO</Filter>
    </ClInclude>
    <ClInclude Include="NodeFileIO.h">
      <Filter>ソース ファイル\Common\FileIO</Filter>
    </ClInclude>
    <ClInclude Include="PassFinding.h">
      <Filter>ソース ファイル\walking_pattern</Filter>
    </ClInclude>
    <ClInclude Include="Target.h">
      <Filter>ソース ファイル\walking_pattern</Filter>
    </ClInclude>
    <ClInclude Include="SearchLegPosition.h">
      <Filter>ソース ファイル\walking_pattern</Filter>
    </ClInclude>
    <ClInclude Include="LegState.h">
      <Filter>ソース ファイル\Node\LegState</Filter>
    </ClInclude>
    <ClInclude Include="CreateComCandidate.h">
      <Filter>ソース ファイル\Node\CenterOfMass</Filter>
    </ClInclude>
    <ClInclude Include="ComType.h">
      <Filter>ソース ファイル\Node\CenterOfMass</Filter>
    </ClInclude>
    <ClInclude Include="MyMath.h">
      <Filter>ソース ファイル\Common</Filter>
    </ClInclude>
    <ClInclude Include="MapCreator.h">
      <Filter>ソース ファイル\Map</Filter>
    </ClInclude>
    <ClInclude Include="MapState.h">
      <Filter>ソース ファイル\Map</Filter>
    </ClInclude>
    <ClInclude Include="GraphicLoop.h">
      <Filter>ソース ファイル\GraphicSystem</Filter>
    </ClInclude>
    <ClInclude Include="GraphicSystem.h">
      <Filter>ソース ファイル\GraphicSystem</Filter>
    </ClInclude>
    <ClInclude Include="GraphicMainSample.h">
      <Filter>ソース ファイル\GraphicSystem\Main</Filter>
    </ClInclude>
    <ClInclude Include="GraphicDataBroker.h">
      <Filter>ソース ファイル\GraphicSystem</Filter>
    </ClInclude>
    <ClInclude Include="GraphicMainBasic.h">
      <Filter>ソース ファイル\GraphicSystem\Main</Filter>
    </ClInclude>
    <ClInclude Include="GraphicConst.h">
      <Filter>ソース ファイル\GraphicSystem\Common</Filter>
    </ClInclude>
    <ClInclude Include="Singleton.h">
      <Filter>ソース ファイル\Common</Filter>
    </ClInclude>
    <ClInclude Include="Keyboard.h">
      <Filter>ソース ファイル\GraphicSystem\Common</Filter>
    </ClInclude>
    <ClInclude Include="Fps.h">
      <Filter>ソース ファイル\GraphicSystem\Common</Filter>
    </ClInclude>
    <ClInclude Include="MapRenderer.h">
      <Filter>ソース ファイル\GraphicSystem\Render3D</Filter>
    </ClInclude>
    <ClInclude Include="CameraController.h">
      <Filter>ソース ファイル\GraphicSystem\Render3D</Filter>
    </ClInclude>
    <ClInclude Include="Dxlib3DFunction.h">
      <Filter>ソース ファイル\GraphicSystem\Render3D</Filter>
    </ClInclude>
    <ClInclude Include="InterfaceGraphicMain.h">
      <Filter>ソース ファイル\GraphicSystem\Main</Filter>
    </ClInclude>
    <ClInclude Include="HexapodRenderer.h">
      <Filter>ソース ファイル\GraphicSystem\Render3D</Filter>
    </ClInclude>
    <ClInclude Include="HexapodConst.h">
      <Filter>ソース ファイル\Hexapod\Common</Filter>
    </ClInclude>
    <ClInclude Include="MapConst.h">
      <Filter>ソース ファイル\Map\Common</Filter>
    </ClInclude>
    <ClInclude Include="ButtonController.h">
      <Filter>ソース ファイル\GraphicSystem\Common</Filter>
    </ClInclude>
    <ClInclude Include="Mouse.h">
      <Filter>ソース ファイル\GraphicSystem\Common</Filter>
    </ClInclude>
    <ClInclude Include="GUIController.h">
      <Filter>ソース ファイル\GraphicSystem\Render3D</Filter>
    </ClInclude>
    <ClInclude Include="GraphSearchHato.h">
      <Filter>ソース ファイル\GraphSearchSystem</Filter>
    </ClInclude>
    <ClInclude Include="GraphSearchInitializer.h">
      <Filter>ソース ファイル\GraphSearchSystem</Filter>
    </ClInclude>
    <ClInclude Include="IGraphSearcher.h">
      <Filter>ソース ファイル\GraphSearchSystem\GraphSearcher</Filter>
    </ClInclude>
    <ClInclude Include="GraphSearcherSample.h">
      <Filter>ソース ファイル\GraphSearchSystem\GraphSearcher</Filter>
    </ClInclude>
    <ClInclude Include="GraphTreeCreatorSample.h">
      <Filter>ソース ファイル\GraphSearchSystem\GraphTreeCreator</Filter>
    </ClInclude>
    <ClInclude Include="GraphTreeCreatorHato.h">
      <Filter>ソース ファイル\GraphSearchSystem\GraphTreeCreator</Filter>
    </ClInclude>
    <ClInclude Include="SystemMain.h">
      <Filter>ソース ファイル</Filter>
    </ClInclude>
    <ClInclude Include="Node.h">
      <Filter>ソース ファイル\Node</Filter>
    </ClInclude>
    <ClInclude Include="NodeValidityChecker.h">
      <Filter>ソース ファイル\Node</Filter>
    </ClInclude>
    <ClInclude Include="NodeEdit.h">
      <Filter>ソース ファイル\Node</Filter>
    </ClInclude>
    <ClInclude Include="ComUpDownNodeCreator.h">
      <Filter>ソース ファイル\Node\NodeCreator</Filter>
    </ClInclude>
    <ClInclude Include="LegHierarchyNodeCreator.h">
      <Filter>ソース ファイル\Node\NodeCreator</Filter>
    </ClInclude>
    <ClInclude Include="ComMoveNodeCreator.h">
      <Filter>ソース ファイル\Node\NodeCreator</Filter>
    </ClInclude>
    <ClInclude Include="HexapodStateCalculator.h">
      <Filter>ソース ファイル\Hexapod</Filter>
    </ClInclude>
    <ClInclude Include="GraphSearcherRandom.h">
      <Filter>ソース ファイル\GraphSearchSystem\GraphSearcher</Filter>
    </ClInclude>
    <ClInclude Include="SystemTest.h">
      <Filter>ソース ファイル</Filter>
    </ClInclude>
    <ClInclude Include="LegUpDownNodeCreator.h">
      <Filter>ソース ファイル\Node\NodeCreator</Filter>
    </ClInclude>
    <ClInclude Include="GraphicMainTest.h">
      <Filter>ソース ファイル\GraphicSystem\Main</Filter>
    </ClInclude>
    <ClInclude Include="IGraphTreeCreator.h">
      <Filter>ソース ファイル\GraphSearchSystem\GraphTreeCreator\Interface</Filter>
    </ClInclude>
    <ClInclude Include="InterfaceGraphSearch.h">
      <Filter>ソース ファイル\GraphSearchSystem\Interface</Filter>
    </ClInclude>
  </ItemGroup>
  <ItemGroup>
    <ClCompile Include="hexapod.cpp">
      <Filter>ソース ファイル\Hexapod</Filter>
    </ClCompile>
    <ClCompile Include="main.cpp">
      <Filter>ソース ファイル</Filter>
    </ClCompile>
    <ClCompile Include="MyVector.cpp">
      <Filter>ソース ファイル\Common</Filter>
    </ClCompile>
    <ClCompile Include="functionPassFinding.cpp">
      <Filter>ソース ファイル\walking_pattern</Filter>
    </ClCompile>
    <ClCompile Include="BFSinHierarchy.cpp">
      <Filter>ソース ファイル\walking_pattern\Sin</Filter>
    </ClCompile>
    <ClCompile Include="phantomxCommander.cpp">
      <Filter>ソース ファイル\phantomX</Filter>
    </ClCompile>
    <ClCompile Include="TimeManager.cpp">
      <Filter>ソース ファイル\phantomX</Filter>
    </ClCompile>
    <ClCompile Include="Define.cpp">
      <Filter>ソース ファイル\Common</Filter>
    </ClCompile>
    <ClCompile Include="SimulateResult.cpp">
      <Filter>ソース ファイル\Common</Filter>
    </ClCompile>
    <ClCompile Include="CmdIO.cpp">
      <Filter>ソース ファイル\Common</Filter>
    </ClCompile>
    <ClCompile Include="TimeFileIO.cpp">
      <Filter>ソース ファイル\Common\FileIO</Filter>
    </ClCompile>
    <ClCompile Include="LogFileIO.cpp">
      <Filter>ソース ファイル\Common\FileIO</Filter>
    </ClCompile>
    <ClCompile Include="NodeFileIO.cpp">
      <Filter>ソース ファイル\Common\FileIO</Filter>
    </ClCompile>
    <ClCompile Include="PassFinding.cpp">
      <Filter>ソース ファイル\walking_pattern</Filter>
    </ClCompile>
    <ClCompile Include="SearchLegPosition.cpp">
      <Filter>ソース ファイル\walking_pattern</Filter>
    </ClCompile>
    <ClCompile Include="LegState.cpp">
      <Filter>ソース ファイル\Node\LegState</Filter>
    </ClCompile>
    <ClCompile Include="CreateComCandidate.cpp">
      <Filter>ソース ファイル\Node\CenterOfMass</Filter>
    </ClCompile>
    <ClCompile Include="ComType.cpp">
      <Filter>ソース ファイル\Node\CenterOfMass</Filter>
    </ClCompile>
    <ClCompile Include="MapCreator.cpp">
      <Filter>ソース ファイル\Map</Filter>
    </ClCompile>
    <ClCompile Include="MyMath.cpp">
      <Filter>ソース ファイル\Common</Filter>
    </ClCompile>
    <ClCompile Include="MapState.cpp">
      <Filter>ソース ファイル\Map</Filter>
    </ClCompile>
    <ClCompile Include="GraphicLoop.cpp">
      <Filter>ソース ファイル\GraphicSystem</Filter>
    </ClCompile>
    <ClCompile Include="GraphicSystem.cpp">
      <Filter>ソース ファイル\GraphicSystem</Filter>
    </ClCompile>
    <ClCompile Include="GraphicMainSample.cpp">
      <Filter>ソース ファイル\GraphicSystem\Main</Filter>
    </ClCompile>
    <ClCompile Include="GraphicDataBroker.cpp">
      <Filter>ソース ファイル\GraphicSystem</Filter>
    </ClCompile>
    <ClCompile Include="GraphicMainBasic.cpp">
      <Filter>ソース ファイル\GraphicSystem\Main</Filter>
    </ClCompile>
    <ClCompile Include="GraphicConst.cpp">
      <Filter>ソース ファイル\GraphicSystem\Common</Filter>
    </ClCompile>
    <ClCompile Include="Keyboard.cpp">
      <Filter>ソース ファイル\GraphicSystem\Common</Filter>
    </ClCompile>
    <ClCompile Include="Fps.cpp">
      <Filter>ソース ファイル\GraphicSystem\Common</Filter>
    </ClCompile>
    <ClCompile Include="CameraController.cpp">
      <Filter>ソース ファイル\GraphicSystem\Render3D</Filter>
    </ClCompile>
    <ClCompile Include="MapRenderer.cpp">
      <Filter>ソース ファイル\GraphicSystem\Render3D</Filter>
    </ClCompile>
    <ClCompile Include="Dxlib3DFunction.cpp">
      <Filter>ソース ファイル\GraphicSystem\Render3D</Filter>
    </ClCompile>
    <ClCompile Include="InterfaceGraphicMain.cpp">
      <Filter>ソース ファイル\GraphicSystem\Main</Filter>
    </ClCompile>
    <ClCompile Include="HexapodRenderer.cpp">
      <Filter>ソース ファイル\GraphicSystem\Render3D</Filter>
    </ClCompile>
    <ClCompile Include="HexapodConst.cpp">
      <Filter>ソース ファイル\Hexapod\Common</Filter>
    </ClCompile>
    <ClCompile Include="MapConst.cpp">
      <Filter>ソース ファイル\Map\Common</Filter>
    </ClCompile>
    <ClCompile Include="ButtonController.cpp">
      <Filter>ソース ファイル\GraphicSystem\Common</Filter>
    </ClCompile>
    <ClCompile Include="Mouse.cpp">
      <Filter>ソース ファイル\GraphicSystem\Common</Filter>
    </ClCompile>
    <ClCompile Include="GUIController.cpp">
      <Filter>ソース ファイル\GraphicSystem\Render3D</Filter>
    </ClCompile>
    <ClCompile Include="GraphSearchHato.cpp">
      <Filter>ソース ファイル\GraphSearchSystem</Filter>
    </ClCompile>
    <ClCompile Include="GraphSearchInitializer.cpp">
      <Filter>ソース ファイル\GraphSearchSystem</Filter>
    </ClCompile>
    <ClCompile Include="GraphSearcherSample.cpp">
      <Filter>ソース ファイル\GraphSearchSystem\GraphSearcher</Filter>
    </ClCompile>
    <ClCompile Include="GraphTreeCreatorSample.cpp">
      <Filter>ソース ファイル\GraphSearchSystem\GraphTreeCreator</Filter>
    </ClCompile>
    <ClCompile Include="SystemMain.cpp">
      <Filter>ソース ファイル</Filter>
    </ClCompile>
    <ClCompile Include="Node.cpp">
      <Filter>ソース ファイル\Node</Filter>
    </ClCompile>
    <ClCompile Include="NodeValidityChecker.cpp">
      <Filter>ソース ファイル\Node</Filter>
    </ClCompile>
    <ClCompile Include="GraphTreeCreatorHato.cpp">
      <Filter>ソース ファイル\GraphSearchSystem\GraphTreeCreator</Filter>
    </ClCompile>
    <ClCompile Include="NodeEdit.cpp">
      <Filter>ソース ファイル\Node</Filter>
    </ClCompile>
    <ClCompile Include="ComUpDownNodeCreator.cpp">
      <Filter>ソース ファイル\Node\NodeCreator</Filter>
    </ClCompile>
    <ClCompile Include="LegHierarchyNodeCreator.cpp">
      <Filter>ソース ファイル\Node\NodeCreator</Filter>
    </ClCompile>
    <ClCompile Include="ComMoveNodeCreator.cpp">
      <Filter>ソース ファイル\Node\NodeCreator</Filter>
    </ClCompile>
    <ClCompile Include="HexapodStateCalculator.cpp">
      <Filter>ソース ファイル\Hexapod</Filter>
    </ClCompile>
    <ClCompile Include="GraphSearcherRandom.cpp">
      <Filter>ソース ファイル\GraphSearchSystem\GraphSearcher</Filter>
    </ClCompile>
    <ClCompile Include="SystemTest.cpp">
      <Filter>ソース ファイル</Filter>
    </ClCompile>
    <ClCompile Include="LegUpDownNodeCreator.cpp">
      <Filter>ソース ファイル\Node\NodeCreator</Filter>
    </ClCompile>
    <ClCompile Include="GraphicMainTest.cpp">
      <Filter>ソース ファイル\GraphicSystem\Main</Filter>
    </ClCompile>
  </ItemGroup>
</Project>